
Microsoft Visual Studio Solution File, Format Version 12.00
# Visual Studio 2013
VisualStudioVersion = 12.0.21005.1
MinimumVisualStudioVersion = 10.0.40219.1
Project("{39F93C4C-2E85-4025-9634-35B6E727B3B8}") = "SerializerExample", "SerializerExample.csproj", "{D6879D26-CB54-4291-95B1-D6462A152607}"
EndProject
Global
	GlobalSection(SolutionConfigurationPlatforms) = preSolution
		Debug|Any CPU = Debug|Any CPU
		Release|Any CPU = Release|Any CPU
	EndGlobalSection
	GlobalSection(ProjectConfigurationPlatforms) = postSolution
		{D6879D26-CB54-4291-95B1-D6462A152607}.Debug|Any CPU.ActiveCfg = Debug|Any CPU
		{D6879D26-CB54-4291-95B1-D6462A152607}.Debug|Any CPU.Build.0 = Debug|Any CPU
		{D6879D26-CB54-4291-95B1-D6462A152607}.Release|Any CPU.ActiveCfg = Release|Any CPU
		{D6879D26-CB54-4291-95B1-D6462A152607}.Release|Any CPU.Build.0 = Release|Any CPU
	EndGlobalSection
	GlobalSection(SolutionProperties) = preSolution
		HideSolutionNode = FALSE
	EndGlobalSection
EndGlobal
